
Microsoft Visual Studio Solution File, Format Version 12.00
Project("{FAE04EC0-301F-11D3-BF4B-00C04F79EFBC}") = "LFOBalancer", "LFOBalancer.csproj", "{F14CD07A-0F73-423C-B2DD-F1FE64FBF7E8}"
EndProject
Global
	GlobalSection(SolutionConfigurationPlatforms) = preSolution
		Debug|Any CPU = Debug|Any CPU
		Release|Any CPU = Release|Any CPU
	EndGlobalSection
	GlobalSection(ProjectConfigurationPlatforms) = postSolution
		{F14CD07A-0F73-423C-B2DD-F1FE64FBF7E8}.Debug|Any CPU.ActiveCfg = Debug|Any CPU
		{F14CD07A-0F73-423C-B2DD-F1FE64FBF7E8}.Debug|Any CPU.Build.0 = Debug|Any CPU
		{F14CD07A-0F73-423C-B2DD-F1FE64FBF7E8}.Release|Any CPU.ActiveCfg = Release|Any CPU
		{F14CD07A-0F73-423C-B2DD-F1FE64FBF7E8}.Release|Any CPU.Build.0 = Release|Any CPU
	EndGlobalSection
EndGlobal
